{
  "name": "nvm-charts",
  "version": "0.0.1",
  "lockfileVersion": 1,
  "requires": true,
  "dependencies": {
    "@types/chart.js": {
      "version": "2.9.5",
      "resolved": "https://registry.npmjs.org/@types/chart.js/-/chart.js-2.9.5.tgz",
      "integrity": "sha512-pTqoAQkXw7mY+1Po1ziICPPKjEriO8AKrcLBJ3bf45h7SF22bWZ+Jm+4ogPg2W6Y+73CspersFGysHlAw3cm2A==",
      "dev": true
    }
  }
}
